// !$*UTF8*$!
{
	archiveVersion = 1;
	classes = {
	};
	objectVersion = 50;
	objects = {

/* Begin PBXBuildFile section */
		2B007864211155A200D413AC /* AppDelegate.m in Sources */ = {isa = PBXBuildFile; fileRef = 2B007863211155A200D413AC /* AppDelegate.m */; };
		2B007867211155A200D413AC /* ViewController.m in Sources */ = {isa = PBXBuildFile; fileRef = 2B007866211155A200D413AC /* ViewController.m */; };
		2B00786A211155A200D413AC /* Main.storyboard in Resources */ = {isa = PBXBuildFile; fileRef = 2B007868211155A200D413AC /* Main.storyboard */; };
		2B00786C211155A400D413AC /* Assets.xcassets in Resources */ = {isa = PBXBuildFile; fileRef = 2B00786B211155A400D413AC /* Assets.xcassets */; };
		2B00786F211155A400D413AC /* LaunchScreen.storyboard in Resources */ = {isa = PBXBuildFile; fileRef = 2B00786D211155A400D413AC /* LaunchScreen.storyboard */; };
		2B007872211155A400D413AC /* main.m in Sources */ = {isa = PBXBuildFile; fileRef = 2B007871211155A400D413AC /* main.m */; };
		2B00787C211155A400D413AC /* WaveAnimation_OCTests.m in Sources */ = {isa = PBXBuildFile; fileRef = 2B00787B211155A400D413AC /* WaveAnimation_OCTests.m */; };
		2B007887211155A400D413AC /* WaveAnimation_OCUITests.m in Sources */ = {isa = PBXBuildFile; fileRef = 2B007886211155A400D413AC /* WaveAnimation_OCUITests.m */; };
		2B00789D21118F2200D413AC /* JWaveView.m in Sources */ = {isa = PBXBuildFile; fileRef = 2B00789C21118F2200D413AC /* JWaveView.m */; };
/* End PBXBuildFile section */

/* Begin PBXContainerItemProxy section */
		2B007878211155A400D413AC /* PBXContainerItemProxy */ = {
			isa = PBXContainerItemProxy;
			containerPortal = 2B007857211155A200D413AC /* Project object */;
			proxyType = 1;
			remoteGlobalIDString = 2B00785E211155A200D413AC;
			remoteInfo = "WaveAnimation-OC";
		};
		2B007883211155A400D413AC /* PBXContainerItemProxy */ = {
			isa = PBXContainerItemProxy;
			containerPortal = 2B007857211155A200D413AC /* Project object */;
			proxyType = 1;
			remoteGlobalIDString = 2B00785E211155A200D413AC;
			remoteInfo = "WaveAnimation-OC";
		};
/* End PBXContainerItemProxy section */

/* Begin PBXFileReference section */
		2B00785F211155A200D413AC /* WaveAnimation-OC.app */ = {isa = PBXFileReference; explicitFileType = wrapper.application; includeInIndex = 0; path = "WaveAnimation-OC.app"; sourceTree = BUILT_PRODUCTS_DIR; };
		2B007862211155A200D413AC /* AppDelegate.h */ = {isa = PBXFileReference; lastKnownFileType = sourcecode.c.h; path = AppDelegate.h; sourceTree = "<group>"; };
		2B007863211155A200D413AC /* AppDelegate.m */ = {isa = PBXFileReference; lastKnownFileType = sourcecode.c.objc; path = AppDelegate.m; sourceTree = "<group>"; };
		2B007865211155A200D413AC /* ViewController.h */ = {isa = PBXFileReference; lastKnownFileType = sourcecode.c.h; path = ViewController.h; sourceTree = "<group>"; };
		2B007866211155A200D413AC /* ViewController.m */ = {isa = PBXFileReference; lastKnownFileType = sourcecode.c.objc; path = ViewController.m; sourceTree = "<group>"; };
		2B007869211155A200D413AC /* Base */ = {isa = PBXFileReference; lastKnownFileType = file.storyboard; name = Base; path = Base.lproj/Main.storyboard; sourceTree = "<group>"; };
		2B00786B211155A400D413AC /* Assets.xcassets */ = {isa = PBXFileReference; lastKnownFileType = folder.assetcatalog; path = Assets.xcassets; sourceTree = "<group>"; };
		2B00786E211155A400D413AC /* Base */ = {isa = PBXFileReference; lastKnownFileType = file.storyboard; name = Base; path = Base.lproj/LaunchScreen.storyboard; sourceTree = "<group>"; };
		2B007870211155A400D413AC /* Info.plist */ = {isa = PBXFileReference; lastKnownFileType = text.plist.xml; path = Info.plist; sourceTree = "<group>"; };
		2B007871211155A400D413AC /* main.m */ = {isa = PBXFileReference; lastKnownFileType = sourcecode.c.objc; path = main.m; sourceTree = "<group>"; };
		2B007877211155A400D413AC /* WaveAnimation-OCTests.xctest */ = {isa = PBXFileReference; explicitFileType = wrapper.cfbundle; includeInIndex = 0; path = "WaveAnimation-OCTests.xctest"; sourceTree = BUILT_PRODUCTS_DIR; };
		2B00787B211155A400D413AC /* WaveAnimation_OCTests.m */ = {isa = PBXFileReference; lastKnownFileType = sourcecode.c.objc; path = WaveAnimation_OCTests.m; sourceTree = "<group>"; };
		2B00787D211155A400D413AC /* Info.plist */ = {isa = PBXFileReference; lastKnownFileType = text.plist.xml; path = Info.plist; sourceTree = "<group>"; };
		2B007882211155A400D413AC /* WaveAnimation-OCUITests.xctest */ = {isa = PBXFileReference; explicitFileType = wrapper.cfbundle; includeInIndex = 0; path = "WaveAnimation-OCUITests.xctest"; sourceTree = BUILT_PRODUCTS_DIR; };
		2B007886211155A400D413AC /* WaveAnimation_OCUITests.m */ = {isa = PBXFileReference; lastKnownFileType = sourcecode.c.objc; path = WaveAnimation_OCUITests.m; sourceTree = "<group>"; };
		2B007888211155A400D413AC /* Info.plist */ = {isa = PBXFileReference; lastKnownFileType = text.plist.xml; path = Info.plist; sourceTree = "<group>"; };
		2B00789B21118F2200D413AC /* JWaveView.h */ = {isa = PBXFileReference; lastKnownFileType = sourcecode.c.h; path = JWaveView.h; sourceTree = "<group>"; };
		2B00789C21118F2200D413AC /* JWaveView.m */ = {isa = PBXFileReference; lastKnownFileType = sourcecode.c.objc; path = JWaveView.m; sourceTree = "<group>"; };
/* End PBXFileReference section */

/* Begin PBXFrameworksBuildPhase section */
		2B00785C211155A200D413AC /* Frameworks */ = {
			isa = PBXFrameworksBuildPhase;
			buildActionMask = 2147483647;
			files = (
			);
			runOnlyForDeploymentPostprocessing = 0;
		};
		2B007874211155A400D413AC /* Frameworks */ = {
			isa = PBXFrameworksBuildPhase;
			buildActionMask = 2147483647;
			files = (
			);
			runOnlyForDeploymentPostprocessing = 0;
		};
		2B00787F211155A400D413AC /* Frameworks */ = {
			isa = PBXFrameworksBuildPhase;
			buildActionMask = 2147483647;
			files = (
			);
			runOnlyForDeploymentPostprocessing = 0;
		};
/* End PBXFrameworksBuildPhase section */

/* Begin PBXGroup section */
		2B007856211155A200D413AC = {
			isa = PBXGroup;
			children = (
				2B007861211155A200D413AC /* WaveAnimation-OC */,
				2B00787A211155A400D413AC /* WaveAnimation-OCTests */,
				2B007885211155A400D413AC /* WaveAnimation-OCUITests */,
				2B007860211155A200D413AC /* Products */,
			);
			sourceTree = "<group>";
		};
		2B007860211155A200D413AC /* Products */ = {
			isa = PBXGroup;
			children = (
				2B00785F211155A200D413AC /* WaveAnimation-OC.app */,
				2B007877211155A400D413AC /* WaveAnimation-OCTests.xctest */,
				2B007882211155A400D413AC /* WaveAnimation-OCUITests.xctest */,
			);
			name = Products;
			sourceTree = "<group>";
		};
		2B007861211155A200D413AC /* WaveAnimation-OC */ = {
			isa = PBXGroup;
			children = (
				2B007894211157C600D413AC /* Waves */,
				2B007862211155A200D413AC /* AppDelegate.h */,
				2B007863211155A200D413AC /* AppDelegate.m */,
				2B007865211155A200D413AC /* ViewController.h */,
				2B007866211155A200D413AC /* ViewController.m */,
				2B007868211155A200D413AC /* Main.storyboard */,
				2B00786B211155A400D413AC /* Assets.xcassets */,
				2B00786D211155A400D413AC /* LaunchScreen.storyboard */,
				2B007870211155A400D413AC /* Info.plist */,
				2B007871211155A400D413AC /* main.m */,
			);
			path = "WaveAnimation-OC";
			sourceTree = "<group>";
		};
		2B00787A211155A400D413AC /* WaveAnimation-OCTests */ = {
			isa = PBXGroup;
			children = (
				2B00787B211155A400D413AC /* WaveAnimation_OCTests.m */,
				2B00787D211155A400D413AC /* Info.plist */,
			);
			path = "WaveAnimation-OCTests";
			sourceTree = "<group>";
		};
		2B007885211155A400D413AC /* WaveAnimation-OCUITests */ = {
			isa = PBXGroup;
			children = (
				2B007886211155A400D413AC /* WaveAnimation_OCUITests.m */,
				2B007888211155A400D413AC /* Info.plist */,
			);
			path = "WaveAnimation-OCUITests";
			sourceTree = "<group>";
		};
		2B007894211157C600D413AC /* Waves */ = {
			isa = PBXGroup;
			children = (
				2B00789B21118F2200D413AC /* JWaveView.h */,
				2B00789C21118F2200D413AC /* JWaveView.m */,
			);
			path = Waves;
			sourceTree = "<group>";
		};
/* End PBXGroup section */

/* Begin PBXNativeTarget section */
		2B00785E211155A200D413AC /* WaveAnimation-OC */ = {
			isa = PBXNativeTarget;
			buildConfigurationList = 2B00788B211155A400D413AC /* Build configuration list for PBXNativeTarget "WaveAnimation-OC" */;
			buildPhases = (
				2B00785B211155A200D413AC /* Sources */,
				2B00785C211155A200D413AC /* Frameworks */,
				2B00785D211155A200D413AC /* Resources */,
			);
			buildRules = (
			);
			dependencies = (
			);
			name = "WaveAnimation-OC";
			productName = "WaveAnimation-OC";
			productReference = 2B00785F211155A200D413AC /* WaveAnimation-OC.app */;
			productType = "com.apple.product-type.application";
		};
		2B007876211155A400D413AC /* WaveAnimation-OCTests */ = {
			isa = PBXNativeTarget;
			buildConfigurationList = 2B00788E211155A400D413AC /* Build configuration list for PBXNativeTarget "WaveAnimation-OCTests" */;
			buildPhases = (
				2B007873211155A400D413AC /* Sources */,
				2B007874211155A400D413AC /* Frameworks */,
				2B007875211155A400D413AC /* Resources */,
			);
			buildRules = (
			);
			dependencies = (
				2B007879211155A400D413AC /* PBXTargetDependency */,
			);
			name = "WaveAnimation-OCTests";
			productName = "WaveAnimation-OCTests";
			productReference = 2B007877211155A400D413AC /* WaveAnimation-OCTests.xctest */;
			productType = "com.apple.product-type.bundle.unit-test";
		};
		2B007881211155A400D413AC /* WaveAnimation-OCUITests */ = {
			isa = PBXNativeTarget;
			buildConfigurationList = 2B007891211155A400D413AC /* Build configuration list for PBXNativeTarget "WaveAnimation-OCUITests" */;
			buildPhases = (
				2B00787E211155A400D413AC /* Sources */,
				2B00787F211155A400D413AC /* Frameworks */,
				2B007880211155A400D413AC /* Resources */,
			);
			buildRules = (
			);
			dependencies = (
				2B007884211155A400D413AC /* PBXTargetDependency */,
			);
			name = "WaveAnimation-OCUITests";
			productName = "WaveAnimation-OCUITests";
			productReference = 2B007882211155A400D413AC /* WaveAnimation-OCUITests.xctest */;
			productType = "com.apple.product-type.bundle.ui-testing";
		};
/* End PBXNativeTarget section */

/* Begin PBXProject section */
		2B007857211155A200D413AC /* Project object */ = {
			isa = PBXProject;
			attributes = {
				LastUpgradeCheck = 0940;
				ORGANIZATIONNAME = qinrongjun;
				TargetAttributes = {
					2B00785E211155A200D413AC = {
						CreatedOnToolsVersion = 9.4.1;
					};
					2B007876211155A400D413AC = {
						CreatedOnToolsVersion = 9.4.1;
						TestTargetID = 2B00785E211155A200D413AC;
					};
					2B007881211155A400D413AC = {
						CreatedOnToolsVersion = 9.4.1;
						TestTargetID = 2B00785E211155A200D413AC;
					};
				};
			};
			buildConfigurationList = 2B00785A211155A200D413AC /* Build configuration list for PBXProject "WaveAnimation-OC" */;
			compatibilityVersion = "Xcode 9.3";
			developmentRegion = en;
			hasScannedForEncodings = 0;
			knownRegions = (
				en,
				Base,
			);
			mainGroup = 2B007856211155A200D413AC;
			productRefGroup = 2B007860211155A200D413AC /* Products */;
			projectDirPath = "";
			projectRoot = "";
			targets = (
				2B00785E211155A200D413AC /* WaveAnimation-OC */,
				2B007876211155A400D413AC /* WaveAnimation-OCTests */,
				2B007881211155A400D413AC /* WaveAnimation-OCUITests */,
			);
		};
/* End PBXProject section */

/* Begin PBXResourcesBuildPhase section */
		2B00785D211155A200D413AC /* Resources */ = {
			isa = PBXResourcesBuildPhase;
			buildActionMask = 2147483647;
			files = (
				2B00786F211155A400D413AC /* LaunchScreen.storyboard in Resources */,
				2B00786C211155A400D413AC /* Assets.xcassets in Resources */,
				2B00786A211155A200D413AC /* Main.storyboard in Resources */,
			);
			runOnlyForDeploymentPostprocessing = 0;
		};
		2B007875211155A400D413AC /* Resources */ = {
			isa = PBXResourcesBuildPhase;
			buildActionMask = 2147483647;
			files = (
			);
			runOnlyForDeploymentPostprocessing = 0;
		};
		2B007880211155A400D413AC /* Resources */ = {
			isa = PBXResourcesBuildPhase;
			buildActionMask = 2147483647;
			files = (
			);
			runOnlyForDeploymentPostprocessing = 0;
		};
/* End PBXResourcesBuildPhase section */

/* Begin PBXSourcesBuildPhase section */
		2B00785B211155A200D413AC /* Sources */ = {
			isa = PBXSourcesBuildPhase;
			buildActionMask = 2147483647;
			files = (
				2B00789D21118F2200D413AC /* JWaveView.m in Sources */,
				2B007867211155A200D413AC /* ViewController.m in Sources */,
				2B007872211155A400D413AC /* main.m in Sources */,
				2B007864211155A200D413AC /* AppDelegate.m in Sources */,
			);
			runOnlyForDeploymentPostprocessing = 0;
		};
		2B007873211155A400D413AC /* Sources */ = {
			isa = PBXSourcesBuildPhase;
			buildActionMask = 2147483647;
			files = (
				2B00787C211155A400D413AC /* WaveAnimation_OCTests.m in Sources */,
			);
			runOnlyForDeploymentPostprocessing = 0;
		};
		2B00787E211155A400D413AC /* Sources */ = {
			isa = PBXSourcesBuildPhase;
			buildActionMask = 2147483647;
			files = (
				2B007887211155A400D413AC /* WaveAnimation_OCUITests.m in Sources */,
			);
			runOnlyForDeploymentPostprocessing = 0;
		};
/* End PBXSourcesBuildPhase section */

/* Begin PBXTargetDependency section */
		2B007879211155A400D413AC /* PBXTargetDependency */ = {
			isa = PBXTargetDependency;
			target = 2B00785E211155A200D413AC /* WaveAnimation-OC */;
			targetProxy = 2B007878211155A400D413AC /* PBXContainerItemProxy */;
		};
		2B007884211155A400D413AC /* PBXTargetDependency */ = {
			isa = PBXTargetDependency;
			target = 2B00785E211155A200D413AC /* WaveAnimation-OC */;
			targetProxy = 2B007883211155A400D413AC /* PBXContainerItemProxy */;
		};
/* End PBXTargetDependency section */

/* Begin PBXVariantGroup section */
		2B007868211155A200D413AC /* Main.storyboard */ = {
			isa = PBXVariantGroup;
			children = (
				2B007869211155A200D413AC /* Base */,
			);
			name = Main.storyboard;
			sourceTree = "<group>";
		};
		2B00786D211155A400D413AC /* LaunchScreen.storyboard */ = {
			isa = PBXVariantGroup;
			children = (
				2B00786E211155A400D413AC /* Base */,
			);
			name = LaunchScreen.storyboard;
			sourceTree = "<group>";
		};
/* End PBXVariantGroup section */

/* Begin XCBuildConfiguration section */
		2B007889211155A400D413AC /* Debug */ = {
			isa = XCBuildConfiguration;
			buildSettings = {
				ALWAYS_SEARCH_USER_PATHS = NO;
				CLANG_ANALYZER_NONNULL = YES;
				CLANG_ANALYZER_NUMBER_OBJECT_CONVERSION = YES_AGGRESSIVE;
				CLANG_CXX_LANGUAGE_STANDARD = "gnu++14";
				CLANG_CXX_LIBRARY = "libc++";
				CLANG_ENABLE_MODULES = YES;
				CLANG_ENABLE_OBJC_ARC = YES;
				CLANG_ENABLE_OBJC_WEAK = YES;
				CLANG_WARN_BLOCK_CAPTURE_AUTORELEASING = YES;
				CLANG_WARN_BOOL_CONVERSION = YES;
				CLANG_WARN_COMMA = YES;
				CLANG_WARN_CONSTANT_CONVERSION = YES;
				CLANG_WARN_DEPRECATED_OBJC_IMPLEMENTATIONS = YES;
				CLANG_WARN_DIRECT_OBJC_ISA_USAGE = YES_ERROR;
				CLANG_WARN_DOCUMENTATION_COMMENTS = YES;
				CLANG_WARN_EMPTY_BODY = YES;
				CLANG_WARN_ENUM_CONVERSION = YES;
				CLANG_WARN_INFINITE_RECURSION = YES;
				CLANG_WARN_INT_CONVERSION = YES;
				CLANG_WARN_NON_LITERAL_NULL_CONVERSION = YES;
				CLANG_WARN_OBJC_IMPLICIT_RETAIN_SELF = YES;
				CLANG_WARN_OBJC_LITERAL_CONVERSION = YES;
				CLANG_WARN_OBJC_ROOT_CLASS = YES_ERROR;
				CLANG_WARN_RANGE_LOOP_ANALYSIS = YES;
				CLANG_WARN_STRICT_PROTOTYPES = YES;
				CLANG_WARN_SUSPICIOUS_MOVE = YES;
				CLANG_WARN_UNGUARDED_AVAILABILITY = YES_AGGRESSIVE;
				CLANG_WARN_UNREACHABLE_CODE = YES;
				CLANG_WARN__DUPLICATE_METHOD_MATCH = YES;
				CODE_SIGN_IDENTITY = "iPhone Developer";
				COPY_PHASE_STRIP = NO;
				DEBUG_INFORMATION_FORMAT = dwarf;
				ENABLE_STRICT_OBJC_MSGSEND = YES;
				ENABLE_TESTABILITY = YES;
				GCC_C_LANGUAGE_STANDARD = gnu11;
				GCC_DYNAMIC_NO_PIC = NO;
				GCC_NO_COMMON_BLOCKS = YES;
				GCC_OPTIMIZATION_LEVEL = 0;
				GCC_PREPROCESSOR_DEFINITIONS = (
					"DEBUG=1",
					"$(inherited)",
				);
				GCC_WARN_64_TO_32_BIT_CONVERSION = YES;
				GCC_WARN_ABOUT_RETURN_TYPE = YES_ERROR;
				GCC_WARN_UNDECLARED_SELECTOR = YES;
				GCC_WARN_UNINITIALIZED_AUTOS = YES_AGGRESSIVE;
				GCC_WARN_UNUSED_FUNCTION = YES;
				GCC_WARN_UNUSED_VARIABLE = YES;
				IPHONEOS_DEPLOYMENT_TARGET = 11.4;
				MTL_ENABLE_DEBUG_INFO = YES;
				ONLY_ACTIVE_ARCH = YES;
				SDKROOT = iphoneos;
			};
			name = Debug;
		};
		2B00788A211155A400D413AC /* Release */ = {
			isa = XCBuildConfiguration;
			buildSettings = {
				ALWAYS_SEARCH_USER_PATHS = NO;
				CLANG_ANALYZER_NONNULL = YES;
				CLANG_ANALYZER_NUMBER_OBJECT_CONVERSION = YES_AGGRESSIVE;
				CLANG_CXX_LANGUAGE_STANDARD = "gnu++14";
				CLANG_CXX_LIBRARY = "libc++";
				CLANG_ENABLE_MODULES = YES;
				CLANG_ENABLE_OBJC_ARC = YES;
				CLANG_ENABLE_OBJC_WEAK = YES;
				CLANG_WARN_BLOCK_CAPTURE_AUTORELEASING = YES;
				CLANG_WARN_BOOL_CONVERSION = YES;
				CLANG_WARN_COMMA = YES;
				CLANG_WARN_CONSTANT_CONVERSION = YES;
				CLANG_WARN_DEPRECATED_OBJC_IMPLEMENTATIONS = YES;
				CLANG_WARN_DIRECT_OBJC_ISA_USAGE = YES_ERROR;
				CLANG_WARN_DOCUMENTATION_COMMENTS = YES;
				CLANG_WARN_EMPTY_BODY = YES;
				CLANG_WARN_ENUM_CONVERSION = YES;
				CLANG_WARN_INFINITE_RECURSION = YES;
				CLANG_WARN_INT_CONVERSION = YES;
				CLANG_WARN_NON_LITERAL_NULL_CONVERSION = YES;
				CLANG_WARN_OBJC_IMPLICIT_RETAIN_SELF = YES;
				CLANG_WARN_OBJC_LITERAL_CONVERSION = YES;
				CLANG_WARN_OBJC_ROOT_CLASS = YES_ERROR;
				CLANG_WARN_RANGE_LOOP_ANALYSIS = YES;
				CLANG_WARN_STRICT_PROTOTYPES = YES;
				CLANG_WARN_SUSPICIOUS_MOVE = YES;
				CLANG_WARN_UNGUARDED_AVAILABILITY = YES_AGGRESSIVE;
				CLANG_WARN_UNREACHABLE_CODE = YES;
				CLANG_WARN__DUPLICATE_METHOD_MATCH = YES;
				CODE_SIGN_IDENTITY = "iPhone Developer";
				COPY_PHASE_STRIP = NO;
				DEBUG_INFORMATION_FORMAT = "dwarf-with-dsym";
				ENABLE_NS_ASSERTIONS = NO;
				ENABLE_STRICT_OBJC_MSGSEND = YES;
				GCC_C_LANGUAGE_STANDARD = gnu11;
				GCC_NO_COMMON_BLOCKS = YES;
				GCC_WARN_64_TO_32_BIT_CONVERSION = YES;
				GCC_WARN_ABOUT_RETURN_TYPE = YES_ERROR;
				GCC_WARN_UNDECLARED_SELECTOR = YES;
				GCC_WARN_UNINITIALIZED_AUTOS = YES_AGGRESSIVE;
				GCC_WARN_UNUSED_FUNCTION = YES;
				GCC_WARN_UNUSED_VARIABLE = YES;
				IPHONEOS_DEPLOYMENT_TARGET = 11.4;
				MTL_ENABLE_DEBUG_INFO = NO;
				SDKROOT = iphoneos;
				VALIDATE_PRODUCT = YES;
			};
			name = Release;
		};
		2B00788C211155A400D413AC /* Debug */ = {
			isa = XCBuildConfiguration;
			buildSettings = {
				ASSETCATALOG_COMPILER_APPICON_NAME = AppIcon;
				CODE_SIGN_STYLE = Automatic;
				DEVELOPMENT_TEAM = LDYPW7D6N4;
				INFOPLIST_FILE = "WaveAnimation-OC/Info.plist";
				LD_RUNPATH_SEARCH_PATHS = (
					"$(inherited)",
					"@executable_path/Frameworks",
				);
				PRODUCT_BUNDLE_IDENTIFIER = "com.qinrongjun.WaveAnimation-OC";
				PRODUCT_NAME = "$(TARGET_NAME)";
				TARGETED_DEVICE_FAMILY = "1,2";
			};
			name = Debug;
		};
		2B00788D211155A400D413AC /* Release */ = {
			isa = XCBuildConfiguration;
			buildSettings = {
				ASSETCATALOG_COMPILER_APPICON_NAME = AppIcon;
				CODE_SIGN_STYLE = Automatic;
				DEVELOPMENT_TEAM = LDYPW7D6N4;
				INFOPLIST_FILE = "WaveAnimation-OC/Info.plist";
				LD_RUNPATH_SEARCH_PATHS = (
					"$(inherited)",
					"@executable_path/Frameworks",
				);
				PRODUCT_BUNDLE_IDENTIFIER = "com.qinrongjun.WaveAnimation-OC";
				PRODUCT_NAME = "$(TARGET_NAME)";
				TARGETED_DEVICE_FAMILY = "1,2";
			};
			name = Release;
		};
		2B00788F211155A400D413AC /* Debug */ = {
			isa = XCBuildConfiguration;
			buildSettings = {
				BUNDLE_LOADER = "$(TEST_HOST)";
				CODE_SIGN_STYLE = Automatic;
				DEVELOPMENT_TEAM = LDYPW7D6N4;
				INFOPLIST_FILE = "WaveAnimation-OCTests/Info.plist";
				LD_RUNPATH_SEARCH_PATHS = (
					"$(inherited)",
					"@executable_path/Frameworks",
					"@loader_path/Frameworks",
				);
				PRODUCT_BUNDLE_IDENTIFIER = "com.qinrongjun.WaveAnimation-OCTests";
				PRODUCT_NAME = "$(TARGET_NAME)";
				TARGETED_DEVICE_FAMILY = "1,2";
				TEST_HOST = "$(BUILT_PRODUCTS_DIR)/WaveAnimation-OC.app/WaveAnimation-OC";
			};
			name = Debug;
		};
		2B007890211155A400D413AC /* Release */ = {
			isa = XCBuildConfiguration;
			buildSettings = {
				BUNDLE_LOADER = "$(TEST_HOST)";
				CODE_SIGN_STYLE = Automatic;
				DEVELOPMENT_TEAM = LDYPW7D6N4;
				INFOPLIST_FILE = "WaveAnimation-OCTests/Info.plist";
				LD_RUNPATH_SEARCH_PATHS = (
					"$(inherited)",
					"@executable_path/Frameworks",
					"@loader_path/Frameworks",
				);
				PRODUCT_BUNDLE_IDENTIFIER = "com.qinrongjun.WaveAnimation-OCTests";
				PRODUCT_NAME = "$(TARGET_NAME)";
				TARGETED_DEVICE_FAMILY = "1,2";
				TEST_HOST = "$(BUILT_PRODUCTS_DIR)/WaveAnimation-OC.app/WaveAnimation-OC";
			};
			name = Release;
		};
		2B007892211155A400D413AC /* Debug */ = {
			isa = XCBuildConfiguration;
			buildSettings = {
				CODE_SIGN_STYLE = Automatic;
				DEVELOPMENT_TEAM = LDYPW7D6N4;
				INFOPLIST_FILE = "WaveAnimation-OCUITests/Info.plist";
				LD_RUNPATH_SEARCH_PATHS = (
					"$(inherited)",
					"@executable_path/Frameworks",
					"@loader_path/Frameworks",
				);
				PRODUCT_BUNDLE_IDENTIFIER = "com.qinrongjun.WaveAnimation-OCUITests";
				PRODUCT_NAME = "$(TARGET_NAME)";
				TARGETED_DEVICE_FAMILY = "1,2";
				TEST_TARGET_NAME = "WaveAnimation-OC";
			};
			name = Debug;
		};
		2B007893211155A400D413AC /* Release */ = {
			isa = XCBuildConfiguration;
			buildSettings = {
				CODE_SIGN_STYLE = Automatic;
				DEVELOPMENT_TEAM = LDYPW7D6N4;
				INFOPLIST_FILE = "WaveAnimation-OCUITests/Info.plist";
				LD_RUNPATH_SEARCH_PATHS = (
					"$(inherited)",
					"@executable_path/Frameworks",
					"@loader_path/Frameworks",
				);
				PRODUCT_BUNDLE_IDENTIFIER = "com.qinrongjun.WaveAnimation-OCUITests";
				PRODUCT_NAME = "$(TARGET_NAME)";
				TARGETED_DEVICE_FAMILY = "1,2";
				TEST_TARGET_NAME = "WaveAnimation-OC";
			};
			name = Release;
		};
/* End XCBuildConfiguration section */

/* Begin XCConfigurationList section */
		2B00785A211155A200D413AC /* Build configuration list for PBXProject "WaveAnimation-OC" */ = {
			isa = XCConfigurationList;
			buildConfigurations = (
				2B007889211155A400D413AC /* Debug */,
				2B00788A211155A400D413AC /* Release */,
			);
			defaultConfigurationIsVisible = 0;
			defaultConfigurationName = Release;
		};
		2B00788B211155A400D413AC /* Build configuration list for PBXNativeTarget "WaveAnimation-OC" */ = {
			isa = XCConfigurationList;
			buildConfigurations = (
				2B00788C211155A400D413AC /* Debug */,
				2B00788D211155A400D413AC /* Release */,
			);
			defaultConfigurationIsVisible = 0;
			defaultConfigurationName = Release;
		};
		2B00788E211155A400D413AC /* Build configuration list for PBXNativeTarget "WaveAnimation-OCTests" */ = {
			isa = XCConfigurationList;
			buildConfigurations = (
				2B00788F211155A400D413AC /* Debug */,
				2B007890211155A400D413AC /* Release */,
			);
			defaultConfigurationIsVisible = 0;
			defaultConfigurationName = Release;
		};
		2B007891211155A400D413AC /* Build configuration list for PBXNativeTarget "WaveAnimation-OCUITests" */ = {
			isa = XCConfigurationList;
			buildConfigurations = (
				2B007892211155A400D413AC /* Debug */,
				2B007893211155A400D413AC /* Release */,
			);
			defaultConfigurationIsVisible = 0;
			defaultConfigurationName = Release;
		};
/* End XCConfigurationList section */
	};
	rootObject = 2B007857211155A200D413AC /* Project object */;
}
